{"filter":false,"title":"package-lock.json","tooltip":"/package-lock.json","undoManager":{"mark":-1,"position":-1,"stack":[]},"ace":{"folds":[],"scrolltop":443,"scrollleft":0,"selection":{"start":{"row":247,"column":5},"end":{"row":247,"column":10},"isBackwards":false},"options":{"guessTabSize":true,"useWrapMode":false,"wrapToView":true},"firstLineState":{"row":34,"state":"start","mode":"ace/mode/json"}},"timestamp":1572129461166,"hash":"6806c777fffa3424786b4127fdac1b8c7026e2be"}